
Microsoft Visual Studio Solution File, Format Version 12.00
Project("{2150E333-8FDC-42A3-9474-1A3956D46DE8}") = "src", "src", "{13A2D70C-E8FF-4B73-8A72-30A35CB36D7E}"
EndProject
Project("{FAE04EC0-301F-11D3-BF4B-00C04F79EFBC}") = "CollabEditor.API", "CollabEditor.API\CollabEditor.API.csproj", "{BF4B2142-5014-475E-81FA-D6745D29DDDD}"
EndProject
Project("{FAE04EC0-301F-11D3-BF4B-00C04F79EFBC}") = "CollabEditor.Infrastructure", "CollabEditor.Infrastructure\CollabEditor.Infrastructure.csproj", "{85299D7C-8080-497F-BD94-C276CDE9C2A1}"
EndProject
Project("{FAE04EC0-301F-11D3-BF4B-00C04F79EFBC}") = "CollabEditor.Domain", "CollabEditor.Domain\CollabEditor.Domain.csproj", "{143926A6-FA66-44B7-94D1-A6986789CB0C}"
EndProject
Project("{FAE04EC0-301F-11D3-BF4B-00C04F79EFBC}") = "CollabEditor.Application", "CollabEditor.Application\CollabEditor.Application.csproj", "{AA114005-3731-4A51-9CAB-A1B4DBCE6837}"
EndProject
Project("{FAE04EC0-301F-11D3-BF4B-00C04F79EFBC}") = "CollabEditor.Utilities", "CollabEditor.Utilities\CollabEditor.Utilities.csproj", "{36D43772-EC0B-42BC-B070-6F7C5DB86630}"
EndProject
Project("{2150E333-8FDC-42A3-9474-1A3956D46DE8}") = "test", "test", "{7507AC62-F2D9-47D5-9B46-585F46172D49}"
EndProject
Project("{2150E333-8FDC-42A3-9474-1A3956D46DE8}") = "Integration", "Integration", "{D5C6F0D6-FE50-4F47-93DE-0513E88D7FAC}"
EndProject
Project("{2150E333-8FDC-42A3-9474-1A3956D46DE8}") = "Unit", "Unit", "{6472D9E1-AE23-4302-BDE9-D1352CEE8D92}"
EndProject
Project("{FAE04EC0-301F-11D3-BF4B-00C04F79EFBC}") = "CollabEditor.Domain.Test", "CollabEditor.Domain.Test\CollabEditor.Domain.Test.csproj", "{504782A9-8954-4364-958E-34577CCBFBAD}"
EndProject
Project("{FAE04EC0-301F-11D3-BF4B-00C04F79EFBC}") = "CollabEditor.Messaging", "CollabEditor.Messaging\CollabEditor.Messaging.csproj", "{2FD3B9A9-5DB0-4920-B62B-93FE98740074}"
EndProject
Project("{FAE04EC0-301F-11D3-BF4B-00C04F79EFBC}") = "CollabEditor.API.Test", "test\Unit\CollabEditor.API.Test\CollabEditor.API.Test.csproj", "{91AD48B9-CEA5-4A3C-98D4-48855D785D9A}"
EndProject
Global
	GlobalSection(SolutionConfigurationPlatforms) = preSolution
		Debug|Any CPU = Debug|Any CPU
		Release|Any CPU = Release|Any CPU
	EndGlobalSection
	GlobalSection(ProjectConfigurationPlatforms) = postSolution
		{BF4B2142-5014-475E-81FA-D6745D29DDDD}.Debug|Any CPU.ActiveCfg = Debug|Any CPU
		{BF4B2142-5014-475E-81FA-D6745D29DDDD}.Debug|Any CPU.Build.0 = Debug|Any CPU
		{BF4B2142-5014-475E-81FA-D6745D29DDDD}.Release|Any CPU.ActiveCfg = Release|Any CPU
		{BF4B2142-5014-475E-81FA-D6745D29DDDD}.Release|Any CPU.Build.0 = Release|Any CPU
		{85299D7C-8080-497F-BD94-C276CDE9C2A1}.Debug|Any CPU.ActiveCfg = Debug|Any CPU
		{85299D7C-8080-497F-BD94-C276CDE9C2A1}.Debug|Any CPU.Build.0 = Debug|Any CPU
		{85299D7C-8080-497F-BD94-C276CDE9C2A1}.Release|Any CPU.ActiveCfg = Release|Any CPU
		{85299D7C-8080-497F-BD94-C276CDE9C2A1}.Release|Any CPU.Build.0 = Release|Any CPU
		{143926A6-FA66-44B7-94D1-A6986789CB0C}.Debug|Any CPU.ActiveCfg = Debug|Any CPU
		{143926A6-FA66-44B7-94D1-A6986789CB0C}.Debug|Any CPU.Build.0 = Debug|Any CPU
		{143926A6-FA66-44B7-94D1-A6986789CB0C}.Release|Any CPU.ActiveCfg = Release|Any CPU
		{143926A6-FA66-44B7-94D1-A6986789CB0C}.Release|Any CPU.Build.0 = Release|Any CPU
		{AA114005-3731-4A51-9CAB-A1B4DBCE6837}.Debug|Any CPU.ActiveCfg = Debug|Any CPU
		{AA114005-3731-4A51-9CAB-A1B4DBCE6837}.Debug|Any CPU.Build.0 = Debug|Any CPU
		{AA114005-3731-4A51-9CAB-A1B4DBCE6837}.Release|Any CPU.ActiveCfg = Release|Any CPU
		{AA114005-3731-4A51-9CAB-A1B4DBCE6837}.Release|Any CPU.Build.0 = Release|Any CPU
		{36D43772-EC0B-42BC-B070-6F7C5DB86630}.Debug|Any CPU.ActiveCfg = Debug|Any CPU
		{36D43772-EC0B-42BC-B070-6F7C5DB86630}.Debug|Any CPU.Build.0 = Debug|Any CPU
		{36D43772-EC0B-42BC-B070-6F7C5DB86630}.Release|Any CPU.ActiveCfg = Release|Any CPU
		{36D43772-EC0B-42BC-B070-6F7C5DB86630}.Release|Any CPU.Build.0 = Release|Any CPU
		{504782A9-8954-4364-958E-34577CCBFBAD}.Debug|Any CPU.ActiveCfg = Debug|Any CPU
		{504782A9-8954-4364-958E-34577CCBFBAD}.Debug|Any CPU.Build.0 = Debug|Any CPU
		{504782A9-8954-4364-958E-34577CCBFBAD}.Release|Any CPU.ActiveCfg = Release|Any CPU
		{504782A9-8954-4364-958E-34577CCBFBAD}.Release|Any CPU.Build.0 = Release|Any CPU
		{2FD3B9A9-5DB0-4920-B62B-93FE98740074}.Debug|Any CPU.ActiveCfg = Debug|Any CPU
		{2FD3B9A9-5DB0-4920-B62B-93FE98740074}.Debug|Any CPU.Build.0 = Debug|Any CPU
		{2FD3B9A9-5DB0-4920-B62B-93FE98740074}.Release|Any CPU.ActiveCfg = Release|Any CPU
		{2FD3B9A9-5DB0-4920-B62B-93FE98740074}.Release|Any CPU.Build.0 = Release|Any CPU
		{91AD48B9-CEA5-4A3C-98D4-48855D785D9A}.Debug|Any CPU.ActiveCfg = Debug|Any CPU
		{91AD48B9-CEA5-4A3C-98D4-48855D785D9A}.Debug|Any CPU.Build.0 = Debug|Any CPU
		{91AD48B9-CEA5-4A3C-98D4-48855D785D9A}.Release|Any CPU.ActiveCfg = Release|Any CPU
		{91AD48B9-CEA5-4A3C-98D4-48855D785D9A}.Release|Any CPU.Build.0 = Release|Any CPU
	EndGlobalSection
	GlobalSection(NestedProjects) = preSolution
		{BF4B2142-5014-475E-81FA-D6745D29DDDD} = {13A2D70C-E8FF-4B73-8A72-30A35CB36D7E}
		{85299D7C-8080-497F-BD94-C276CDE9C2A1} = {13A2D70C-E8FF-4B73-8A72-30A35CB36D7E}
		{143926A6-FA66-44B7-94D1-A6986789CB0C} = {13A2D70C-E8FF-4B73-8A72-30A35CB36D7E}
		{AA114005-3731-4A51-9CAB-A1B4DBCE6837} = {13A2D70C-E8FF-4B73-8A72-30A35CB36D7E}
		{36D43772-EC0B-42BC-B070-6F7C5DB86630} = {13A2D70C-E8FF-4B73-8A72-30A35CB36D7E}
		{D5C6F0D6-FE50-4F47-93DE-0513E88D7FAC} = {7507AC62-F2D9-47D5-9B46-585F46172D49}
		{6472D9E1-AE23-4302-BDE9-D1352CEE8D92} = {7507AC62-F2D9-47D5-9B46-585F46172D49}
		{504782A9-8954-4364-958E-34577CCBFBAD} = {6472D9E1-AE23-4302-BDE9-D1352CEE8D92}
		{2FD3B9A9-5DB0-4920-B62B-93FE98740074} = {13A2D70C-E8FF-4B73-8A72-30A35CB36D7E}
		{91AD48B9-CEA5-4A3C-98D4-48855D785D9A} = {6472D9E1-AE23-4302-BDE9-D1352CEE8D92}
	EndGlobalSection
EndGlobal
